
Microsoft Visual Studio Solution File, Format Version 12.00
# Visual Studio Version 17
VisualStudioVersion = 17.14.36310.24
MinimumVisualStudioVersion = 10.0.40219.1
Project("{FAE04EC0-301F-11D3-BF4B-00C04F79EFBC}") = "HetVogeltje.Web", "HetVogeltje.Web\HetVogeltje.Web.csproj", "{A8719915-6DE4-4557-99C0-24A2F849F9E0}"
EndProject
Project("{FAE04EC0-301F-11D3-BF4B-00C04F79EFBC}") = "HetVogeltje.Domein", "HetVogeltje.Domein\HetVogeltje.Domein.csproj", "{A22F7B2D-159E-4F49-9336-1C663696AAC4}"
EndProject
Project("{FAE04EC0-301F-11D3-BF4B-00C04F79EFBC}") = "HetVogeltje.Application", "HetVogeltje.Application\HetVogeltje.Application.csproj", "{9DB01296-0899-4014-8AD0-2CBA0AE9792A}"
EndProject
Project("{FAE04EC0-301F-11D3-BF4B-00C04F79EFBC}") = "HetVogeltje.Infrastructuur", "HetVogeltje.Infrastructuur\HetVogeltje.Infrastructuur.csproj", "{823DC8C4-1648-4A8C-9D93-299EE3BA290E}"
EndProject
Project("{2150E333-8FDC-42A3-9474-1A3956D46DE8}") = "Solution Items", "Solution Items", "{8EC462FD-D22E-90A8-E5CE-7E832BA40C5D}"
	ProjectSection(SolutionItems) = preProject
		readme.md = readme.md
	EndProjectSection
EndProject
Global
	GlobalSection(SolutionConfigurationPlatforms) = preSolution
		Debug|Any CPU = Debug|Any CPU
		Release|Any CPU = Release|Any CPU
	EndGlobalSection
	GlobalSection(ProjectConfigurationPlatforms) = postSolution
		{A8719915-6DE4-4557-99C0-24A2F849F9E0}.Debug|Any CPU.ActiveCfg = Debug|Any CPU
		{A8719915-6DE4-4557-99C0-24A2F849F9E0}.Debug|Any CPU.Build.0 = Debug|Any CPU
		{A8719915-6DE4-4557-99C0-24A2F849F9E0}.Release|Any CPU.ActiveCfg = Release|Any CPU
		{A8719915-6DE4-4557-99C0-24A2F849F9E0}.Release|Any CPU.Build.0 = Release|Any CPU
		{A22F7B2D-159E-4F49-9336-1C663696AAC4}.Debug|Any CPU.ActiveCfg = Debug|Any CPU
		{A22F7B2D-159E-4F49-9336-1C663696AAC4}.Debug|Any CPU.Build.0 = Debug|Any CPU
		{A22F7B2D-159E-4F49-9336-1C663696AAC4}.Release|Any CPU.ActiveCfg = Release|Any CPU
		{A22F7B2D-159E-4F49-9336-1C663696AAC4}.Release|Any CPU.Build.0 = Release|Any CPU
		{9DB01296-0899-4014-8AD0-2CBA0AE9792A}.Debug|Any CPU.ActiveCfg = Debug|Any CPU
		{9DB01296-0899-4014-8AD0-2CBA0AE9792A}.Debug|Any CPU.Build.0 = Debug|Any CPU
		{9DB01296-0899-4014-8AD0-2CBA0AE9792A}.Release|Any CPU.ActiveCfg = Release|Any CPU
		{9DB01296-0899-4014-8AD0-2CBA0AE9792A}.Release|Any CPU.Build.0 = Release|Any CPU
		{823DC8C4-1648-4A8C-9D93-299EE3BA290E}.Debug|Any CPU.ActiveCfg = Debug|Any CPU
		{823DC8C4-1648-4A8C-9D93-299EE3BA290E}.Debug|Any CPU.Build.0 = Debug|Any CPU
		{823DC8C4-1648-4A8C-9D93-299EE3BA290E}.Release|Any CPU.ActiveCfg = Release|Any CPU
		{823DC8C4-1648-4A8C-9D93-299EE3BA290E}.Release|Any CPU.Build.0 = Release|Any CPU
	EndGlobalSection
	GlobalSection(SolutionProperties) = preSolution
		HideSolutionNode = FALSE
	EndGlobalSection
	GlobalSection(ExtensibilityGlobals) = postSolution
		SolutionGuid = {CCCBE12C-B76D-4466-94B4-409BC0841361}
	EndGlobalSection
EndGlobal
